// !$*UTF8*$!
{
	archiveVersion = 1;
	classes = {
	};
	objectVersion = 51;
	objects = {

/* Begin PBXBuildFile section */
		510F20B8E55D4386D3721EF4 /* Pods_SwitchSalesUITests.framework in Frameworks */ = {isa = PBXBuildFile; fileRef = 5ABD3655C3129961EC5829A1 /* Pods_SwitchSalesUITests.framework */; };
		C9CF03F8189FAB1654BD582F /* Pods_SwitchSales.framework in Frameworks */ = {isa = PBXBuildFile; fileRef = D6BDC9CD8AF3FB6EEC5AEE89 /* Pods_SwitchSales.framework */; };
		CF22E4551FEB98EEA5692978 /* Pods_SwitchSalesTests.framework in Frameworks */ = {isa = PBXBuildFile; fileRef = EEECE009D409E248E5AA66AC /* Pods_SwitchSalesTests.framework */; };
		E8BC6EC522F917DE003B2E19 /* AppDelegate.swift in Sources */ = {isa = PBXBuildFile; fileRef = E8BC6EC422F917DE003B2E19 /* AppDelegate.swift */; };
		E8BC6EDA22F917DE003B2E19 /* SwitchSalesTests.swift in Sources */ = {isa = PBXBuildFile; fileRef = E8BC6ED922F917DE003B2E19 /* SwitchSalesTests.swift */; };
		E8BC6EE522F917DE003B2E19 /* SwitchSalesUITests.swift in Sources */ = {isa = PBXBuildFile; fileRef = E8BC6EE422F917DE003B2E19 /* SwitchSalesUITests.swift */; };
		E8BC6F0F22F91969003B2E19 /* LandingController.swift in Sources */ = {isa = PBXBuildFile; fileRef = E8BC6EF322F91969003B2E19 /* LandingController.swift */; };
		E8BC6F1022F91969003B2E19 /* GameInfoController.swift in Sources */ = {isa = PBXBuildFile; fileRef = E8BC6EF422F91969003B2E19 /* GameInfoController.swift */; };
		E8BC6F1122F91969003B2E19 /* MainController.swift in Sources */ = {isa = PBXBuildFile; fileRef = E8BC6EF522F91969003B2E19 /* MainController.swift */; };
		E8BC6F1222F91969003B2E19 /* GameCell.swift in Sources */ = {isa = PBXBuildFile; fileRef = E8BC6EF722F91969003B2E19 /* GameCell.swift */; };
		E8BC6F1322F91969003B2E19 /* GameCell.xib in Resources */ = {isa = PBXBuildFile; fileRef = E8BC6EF822F91969003B2E19 /* GameCell.xib */; };
		E8BC6F1422F91969003B2E19 /* Game.swift in Sources */ = {isa = PBXBuildFile; fileRef = E8BC6EFA22F91969003B2E19 /* Game.swift */; };
		E8BC6F1522F91969003B2E19 /* GameCellViewModel.swift in Sources */ = {isa = PBXBuildFile; fileRef = E8BC6EFC22F91969003B2E19 /* GameCellViewModel.swift */; };
		E8BC6F1622F91969003B2E19 /* GameInfoViewModel.swift in Sources */ = {isa = PBXBuildFile; fileRef = E8BC6EFD22F91969003B2E19 /* GameInfoViewModel.swift */; };
		E8BC6F1722F91969003B2E19 /* GameViewModel.swift in Sources */ = {isa = PBXBuildFile; fileRef = E8BC6EFE22F91969003B2E19 /* GameViewModel.swift */; };
		E8BC6F1822F91969003B2E19 /* StoryboardInstantiable.swift in Sources */ = {isa = PBXBuildFile; fileRef = E8BC6F0022F91969003B2E19 /* StoryboardInstantiable.swift */; };
		E8BC6F1922F91969003B2E19 /* LaunchScreen.storyboard in Resources */ = {isa = PBXBuildFile; fileRef = E8BC6F0222F91969003B2E19 /* LaunchScreen.storyboard */; };
		E8BC6F1A22F91969003B2E19 /* Main.storyboard in Resources */ = {isa = PBXBuildFile; fileRef = E8BC6F0422F91969003B2E19 /* Main.storyboard */; };
		E8BC6F1B22F91969003B2E19 /* Landing.storyboard in Resources */ = {isa = PBXBuildFile; fileRef = E8BC6F0622F91969003B2E19 /* Landing.storyboard */; };
		E8BC6F1C22F91969003B2E19 /* DataEnvelope.swift in Sources */ = {isa = PBXBuildFile; fileRef = E8BC6F0822F91969003B2E19 /* DataEnvelope.swift */; };
		E8BC6F1D22F91969003B2E19 /* UIView.swift in Sources */ = {isa = PBXBuildFile; fileRef = E8BC6F0A22F91969003B2E19 /* UIView.swift */; };
		E8BC6F1E22F91969003B2E19 /* String.swift in Sources */ = {isa = PBXBuildFile; fileRef = E8BC6F0B22F91969003B2E19 /* String.swift */; };
		E8BC6F1F22F91969003B2E19 /* GameInfoCoordinator.swift in Sources */ = {isa = PBXBuildFile; fileRef = E8BC6F0D22F91969003B2E19 /* GameInfoCoordinator.swift */; };
		E8BC6F2022F91969003B2E19 /* MainCoordinator.swift in Sources */ = {isa = PBXBuildFile; fileRef = E8BC6F0E22F91969003B2E19 /* MainCoordinator.swift */; };
		E8BC6F2322F91A69003B2E19 /* Assets.xcassets in Resources */ = {isa = PBXBuildFile; fileRef = E8BC6F2222F91A69003B2E19 /* Assets.xcassets */; };
		E8BC6F2B22F91A7B003B2E19 /* GoogleSans-Italic.ttf in Resources */ = {isa = PBXBuildFile; fileRef = E8BC6F2522F91A7B003B2E19 /* GoogleSans-Italic.ttf */; };
		E8BC6F2C22F91A7B003B2E19 /* GoogleSans-Bold.ttf in Resources */ = {isa = PBXBuildFile; fileRef = E8BC6F2622F91A7B003B2E19 /* GoogleSans-Bold.ttf */; };
		E8BC6F2D22F91A7B003B2E19 /* GoogleSans-BoldItalic.ttf in Resources */ = {isa = PBXBuildFile; fileRef = E8BC6F2722F91A7B003B2E19 /* GoogleSans-BoldItalic.ttf */; };
		E8BC6F2E22F91A7B003B2E19 /* GoogleSans-Regular.ttf in Resources */ = {isa = PBXBuildFile; fileRef = E8BC6F2822F91A7B003B2E19 /* GoogleSans-Regular.ttf */; };
		E8BC6F2F22F91A7B003B2E19 /* GoogleSans-MediumItalic.ttf in Resources */ = {isa = PBXBuildFile; fileRef = E8BC6F2922F91A7B003B2E19 /* GoogleSans-MediumItalic.ttf */; };
		E8BC6F3022F91A7B003B2E19 /* GoogleSans-Medium.ttf in Resources */ = {isa = PBXBuildFile; fileRef = E8BC6F2A22F91A7B003B2E19 /* GoogleSans-Medium.ttf */; };
/* End PBXBuildFile section */

/* Begin PBXContainerItemProxy section */
		E8BC6ED622F917DE003B2E19 /* PBXContainerItemProxy */ = {
			isa = PBXContainerItemProxy;
			containerPortal = E8BC6EB922F917DE003B2E19 /* Project object */;
			proxyType = 1;
			remoteGlobalIDString = E8BC6EC022F917DE003B2E19;
			remoteInfo = SwitchSales;
		};
		E8BC6EE122F917DE003B2E19 /* PBXContainerItemProxy */ = {
			isa = PBXContainerItemProxy;
			containerPortal = E8BC6EB922F917DE003B2E19 /* Project object */;
			proxyType = 1;
			remoteGlobalIDString = E8BC6EC022F917DE003B2E19;
			remoteInfo = SwitchSales;
		};
/* End PBXContainerItemProxy section */

/* Begin PBXFileReference section */
		2657FE39E0D58A100C6A6517 /* Pods-SwitchSalesTests.debug.xcconfig */ = {isa = PBXFileReference; includeInIndex = 1; lastKnownFileType = text.xcconfig; name = "Pods-SwitchSalesTests.debug.xcconfig"; path = "Target Support Files/Pods-SwitchSalesTests/Pods-SwitchSalesTests.debug.xcconfig"; sourceTree = "<group>"; };
		5ABD3655C3129961EC5829A1 /* Pods_SwitchSalesUITests.framework */ = {isa = PBXFileReference; explicitFileType = wrapper.framework; includeInIndex = 0; path = Pods_SwitchSalesUITests.framework; sourceTree = BUILT_PRODUCTS_DIR; };
		7AD272B10BE62BE93FF0405B /* Pods-SwitchSales.release.xcconfig */ = {isa = PBXFileReference; includeInIndex = 1; lastKnownFileType = text.xcconfig; name = "Pods-SwitchSales.release.xcconfig"; path = "Target Support Files/Pods-SwitchSales/Pods-SwitchSales.release.xcconfig"; sourceTree = "<group>"; };
		7BEAE0A224096D2068AE368E /* Pods-SwitchSalesUITests.debug.xcconfig */ = {isa = PBXFileReference; includeInIndex = 1; lastKnownFileType = text.xcconfig; name = "Pods-SwitchSalesUITests.debug.xcconfig"; path = "Target Support Files/Pods-SwitchSalesUITests/Pods-SwitchSalesUITests.debug.xcconfig"; sourceTree = "<group>"; };
		808C7A59477C5295CCE6C92B /* Pods-SwitchSales.debug.xcconfig */ = {isa = PBXFileReference; includeInIndex = 1; lastKnownFileType = text.xcconfig; name = "Pods-SwitchSales.debug.xcconfig"; path = "Target Support Files/Pods-SwitchSales/Pods-SwitchSales.debug.xcconfig"; sourceTree = "<group>"; };
		D6BDC9CD8AF3FB6EEC5AEE89 /* Pods_SwitchSales.framework */ = {isa = PBXFileReference; explicitFileType = wrapper.framework; includeInIndex = 0; path = Pods_SwitchSales.framework; sourceTree = BUILT_PRODUCTS_DIR; };
		DECBD655C0E8C5EB022F44D7 /* Pods-SwitchSalesTests.release.xcconfig */ = {isa = PBXFileReference; includeInIndex = 1; lastKnownFileType = text.xcconfig; name = "Pods-SwitchSalesTests.release.xcconfig"; path = "Target Support Files/Pods-SwitchSalesTests/Pods-SwitchSalesTests.release.xcconfig"; sourceTree = "<group>"; };
		E8BC6EC122F917DE003B2E19 /* SwitchSales.app */ = {isa = PBXFileReference; explicitFileType = wrapper.application; includeInIndex = 0; path = SwitchSales.app; sourceTree = BUILT_PRODUCTS_DIR; };
		E8BC6EC422F917DE003B2E19 /* AppDelegate.swift */ = {isa = PBXFileReference; lastKnownFileType = sourcecode.swift; path = AppDelegate.swift; sourceTree = "<group>"; };
		E8BC6ED022F917DE003B2E19 /* Info.plist */ = {isa = PBXFileReference; lastKnownFileType = text.plist.xml; path = Info.plist; sourceTree = "<group>"; };
		E8BC6ED522F917DE003B2E19 /* SwitchSalesTests.xctest */ = {isa = PBXFileReference; explicitFileType = wrapper.cfbundle; includeInIndex = 0; path = SwitchSalesTests.xctest; sourceTree = BUILT_PRODUCTS_DIR; };
		E8BC6ED922F917DE003B2E19 /* SwitchSalesTests.swift */ = {isa = PBXFileReference; lastKnownFileType = sourcecode.swift; path = SwitchSalesTests.swift; sourceTree = "<group>"; };
		E8BC6EDB22F917DE003B2E19 /* Info.plist */ = {isa = PBXFileReference; lastKnownFileType = text.plist.xml; path = Info.plist; sourceTree = "<group>"; };
		E8BC6EE022F917DE003B2E19 /* SwitchSalesUITests.xctest */ = {isa = PBXFileReference; explicitFileType = wrapper.cfbundle; includeInIndex = 0; path = SwitchSalesUITests.xctest; sourceTree = BUILT_PRODUCTS_DIR; };
		E8BC6EE422F917DE003B2E19 /* SwitchSalesUITests.swift */ = {isa = PBXFileReference; lastKnownFileType = sourcecode.swift; path = SwitchSalesUITests.swift; sourceTree = "<group>"; };
		E8BC6EE622F917DE003B2E19 /* Info.plist */ = {isa = PBXFileReference; lastKnownFileType = text.plist.xml; path = Info.plist; sourceTree = "<group>"; };
		E8BC6EF322F91969003B2E19 /* LandingController.swift */ = {isa = PBXFileReference; fileEncoding = 4; lastKnownFileType = sourcecode.swift; path = LandingController.swift; sourceTree = "<group>"; };
		E8BC6EF422F91969003B2E19 /* GameInfoController.swift */ = {isa = PBXFileReference; fileEncoding = 4; lastKnownFileType = sourcecode.swift; path = GameInfoController.swift; sourceTree = "<group>"; };
		E8BC6EF522F91969003B2E19 /* MainController.swift */ = {isa = PBXFileReference; fileEncoding = 4; lastKnownFileType = sourcecode.swift; path = MainController.swift; sourceTree = "<group>"; };
		E8BC6EF722F91969003B2E19 /* GameCell.swift */ = {isa = PBXFileReference; fileEncoding = 4; lastKnownFileType = sourcecode.swift; path = GameCell.swift; sourceTree = "<group>"; };
		E8BC6EF822F91969003B2E19 /* GameCell.xib */ = {isa = PBXFileReference; fileEncoding = 4; lastKnownFileType = file.xib; path = GameCell.xib; sourceTree = "<group>"; };
		E8BC6EFA22F91969003B2E19 /* Game.swift */ = {isa = PBXFileReference; fileEncoding = 4; lastKnownFileType = sourcecode.swift; path = Game.swift; sourceTree = "<group>"; };
		E8BC6EFC22F91969003B2E19 /* GameCellViewModel.swift */ = {isa = PBXFileReference; fileEncoding = 4; lastKnownFileType = sourcecode.swift; path = GameCellViewModel.swift; sourceTree = "<group>"; };
		E8BC6EFD22F91969003B2E19 /* GameInfoViewModel.swift */ = {isa = PBXFileReference; fileEncoding = 4; lastKnownFileType = sourcecode.swift; path = GameInfoViewModel.swift; sourceTree = "<group>"; };
		E8BC6EFE22F91969003B2E19 /* GameViewModel.swift */ = {isa = PBXFileReference; fileEncoding = 4; lastKnownFileType = sourcecode.swift; path = GameViewModel.swift; sourceTree = "<group>"; };
		E8BC6F0022F91969003B2E19 /* StoryboardInstantiable.swift */ = {isa = PBXFileReference; fileEncoding = 4; lastKnownFileType = sourcecode.swift; path = StoryboardInstantiable.swift; sourceTree = "<group>"; };
		E8BC6F0322F91969003B2E19 /* Base */ = {isa = PBXFileReference; lastKnownFileType = file.storyboard; name = Base; path = Base.lproj/LaunchScreen.storyboard; sourceTree = "<group>"; };
		E8BC6F0522F91969003B2E19 /* Base */ = {isa = PBXFileReference; lastKnownFileType = file.storyboard; name = Base; path = Base.lproj/Main.storyboard; sourceTree = "<group>"; };
		E8BC6F0622F91969003B2E19 /* Landing.storyboard */ = {isa = PBXFileReference; fileEncoding = 4; lastKnownFileType = file.storyboard; path = Landing.storyboard; sourceTree = "<group>"; };
		E8BC6F0822F91969003B2E19 /* DataEnvelope.swift */ = {isa = PBXFileReference; fileEncoding = 4; lastKnownFileType = sourcecode.swift; path = DataEnvelope.swift; sourceTree = "<group>"; };
		E8BC6F0A22F91969003B2E19 /* UIView.swift */ = {isa = PBXFileReference; fileEncoding = 4; lastKnownFileType = sourcecode.swift; path = UIView.swift; sourceTree = "<group>"; };
		E8BC6F0B22F91969003B2E19 /* String.swift */ = {isa = PBXFileReference; fileEncoding = 4; lastKnownFileType = sourcecode.swift; path = String.swift; sourceTree = "<group>"; };
		E8BC6F0D22F91969003B2E19 /* GameInfoCoordinator.swift */ = {isa = PBXFileReference; fileEncoding = 4; lastKnownFileType = sourcecode.swift; path = GameInfoCoordinator.swift; sourceTree = "<group>"; };
		E8BC6F0E22F91969003B2E19 /* MainCoordinator.swift */ = {isa = PBXFileReference; fileEncoding = 4; lastKnownFileType = sourcecode.swift; path = MainCoordinator.swift; sourceTree = "<group>"; };
		E8BC6F2222F91A69003B2E19 /* Assets.xcassets */ = {isa = PBXFileReference; lastKnownFileType = folder.assetcatalog; path = Assets.xcassets; sourceTree = "<group>"; };
		E8BC6F2522F91A7B003B2E19 /* GoogleSans-Italic.ttf */ = {isa = PBXFileReference; lastKnownFileType = file; path = "GoogleSans-Italic.ttf"; sourceTree = "<group>"; };
		E8BC6F2622F91A7B003B2E19 /* GoogleSans-Bold.ttf */ = {isa = PBXFileReference; lastKnownFileType = file; path = "GoogleSans-Bold.ttf"; sourceTree = "<group>"; };
		E8BC6F2722F91A7B003B2E19 /* GoogleSans-BoldItalic.ttf */ = {isa = PBXFileReference; lastKnownFileType = file; path = "GoogleSans-BoldItalic.ttf"; sourceTree = "<group>"; };
		E8BC6F2822F91A7B003B2E19 /* GoogleSans-Regular.ttf */ = {isa = PBXFileReference; lastKnownFileType = file; path = "GoogleSans-Regular.ttf"; sourceTree = "<group>"; };
		E8BC6F2922F91A7B003B2E19 /* GoogleSans-MediumItalic.ttf */ = {isa = PBXFileReference; lastKnownFileType = file; path = "GoogleSans-MediumItalic.ttf"; sourceTree = "<group>"; };
		E8BC6F2A22F91A7B003B2E19 /* GoogleSans-Medium.ttf */ = {isa = PBXFileReference; lastKnownFileType = file; path = "GoogleSans-Medium.ttf"; sourceTree = "<group>"; };
		EBC74D709501F36547DF03C8 /* Pods-SwitchSalesUITests.release.xcconfig */ = {isa = PBXFileReference; includeInIndex = 1; lastKnownFileType = text.xcconfig; name = "Pods-SwitchSalesUITests.release.xcconfig"; path = "Target Support Files/Pods-SwitchSalesUITests/Pods-SwitchSalesUITests.release.xcconfig"; sourceTree = "<group>"; };
		EEECE009D409E248E5AA66AC /* Pods_SwitchSalesTests.framework */ = {isa = PBXFileReference; explicitFileType = wrapper.framework; includeInIndex = 0; path = Pods_SwitchSalesTests.framework; sourceTree = BUILT_PRODUCTS_DIR; };
/* End PBXFileReference section */

/* Begin PBXFrameworksBuildPhase section */
		E8BC6EBE22F917DE003B2E19 /* Frameworks */ = {
			isa = PBXFrameworksBuildPhase;
			buildActionMask = 2147483647;
			files = (
				C9CF03F8189FAB1654BD582F /* Pods_SwitchSales.framework in Frameworks */,
			);
			runOnlyForDeploymentPostprocessing = 0;
		};
		E8BC6ED222F917DE003B2E19 /* Frameworks */ = {
			isa = PBXFrameworksBuildPhase;
			buildActionMask = 2147483647;
			files = (
				CF22E4551FEB98EEA5692978 /* Pods_SwitchSalesTests.framework in Frameworks */,
			);
			runOnlyForDeploymentPostprocessing = 0;
		};
		E8BC6EDD22F917DE003B2E19 /* Frameworks */ = {
			isa = PBXFrameworksBuildPhase;
			buildActionMask = 2147483647;
			files = (
				510F20B8E55D4386D3721EF4 /* Pods_SwitchSalesUITests.framework in Frameworks */,
			);
			runOnlyForDeploymentPostprocessing = 0;
		};
/* End PBXFrameworksBuildPhase section */

/* Begin PBXGroup section */
		829FE566E917030DC1EDB9EA /* Frameworks */ = {
			isa = PBXGroup;
			children = (
				D6BDC9CD8AF3FB6EEC5AEE89 /* Pods_SwitchSales.framework */,
				EEECE009D409E248E5AA66AC /* Pods_SwitchSalesTests.framework */,
				5ABD3655C3129961EC5829A1 /* Pods_SwitchSalesUITests.framework */,
			);
			name = Frameworks;
			sourceTree = "<group>";
		};
		91C2CC21D3DBA5B0FF4BF462 /* Pods */ = {
			isa = PBXGroup;
			children = (
				808C7A59477C5295CCE6C92B /* Pods-SwitchSales.debug.xcconfig */,
				7AD272B10BE62BE93FF0405B /* Pods-SwitchSales.release.xcconfig */,
				2657FE39E0D58A100C6A6517 /* Pods-SwitchSalesTests.debug.xcconfig */,
				DECBD655C0E8C5EB022F44D7 /* Pods-SwitchSalesTests.release.xcconfig */,
				7BEAE0A224096D2068AE368E /* Pods-SwitchSalesUITests.debug.xcconfig */,
				EBC74D709501F36547DF03C8 /* Pods-SwitchSalesUITests.release.xcconfig */,
			);
			path = Pods;
			sourceTree = "<group>";
		};
		E8BC6EB822F917DE003B2E19 = {
			isa = PBXGroup;
			children = (
				E8BC6EC322F917DE003B2E19 /* SwitchSales */,
				E8BC6ED822F917DE003B2E19 /* SwitchSalesTests */,
				E8BC6EE322F917DE003B2E19 /* SwitchSalesUITests */,
				E8BC6EC222F917DE003B2E19 /* Products */,
				91C2CC21D3DBA5B0FF4BF462 /* Pods */,
				829FE566E917030DC1EDB9EA /* Frameworks */,
			);
			sourceTree = "<group>";
		};
		E8BC6EC222F917DE003B2E19 /* Products */ = {
			isa = PBXGroup;
			children = (
				E8BC6EC122F917DE003B2E19 /* SwitchSales.app */,
				E8BC6ED522F917DE003B2E19 /* SwitchSalesTests.xctest */,
				E8BC6EE022F917DE003B2E19 /* SwitchSalesUITests.xctest */,
			);
			name = Products;
			sourceTree = "<group>";
		};
		E8BC6EC322F917DE003B2E19 /* SwitchSales */ = {
			isa = PBXGroup;
			children = (
				E8BC6F2122F91A55003B2E19 /* assets */,
				E8BC6EF622F91969003B2E19 /* cells */,
				E8BC6EF222F91969003B2E19 /* controllers */,
				E8BC6F0C22F91969003B2E19 /* coordinators */,
				E8BC6F0722F91969003B2E19 /* envelope */,
				E8BC6F0922F91969003B2E19 /* extensions */,
				E8BC6EF922F91969003B2E19 /* models */,
				E8BC6F0122F91969003B2E19 /* storyboards */,
				E8BC6EFF22F91969003B2E19 /* utilities */,
				E8BC6EFB22F91969003B2E19 /* viewmodels */,
				E8BC6EC422F917DE003B2E19 /* AppDelegate.swift */,
				E8BC6ED022F917DE003B2E19 /* Info.plist */,
			);
			path = SwitchSales;
			sourceTree = "<group>";
		};
		E8BC6ED822F917DE003B2E19 /* SwitchSalesTests */ = {
			isa = PBXGroup;
			children = (
				E8BC6ED922F917DE003B2E19 /* SwitchSalesTests.swift */,
				E8BC6EDB22F917DE003B2E19 /* Info.plist */,
			);
			path = SwitchSalesTests;
			sourceTree = "<group>";
		};
		E8BC6EE322F917DE003B2E19 /* SwitchSalesUITests */ = {
			isa = PBXGroup;
			children = (
				E8BC6EE422F917DE003B2E19 /* SwitchSalesUITests.swift */,
				E8BC6EE622F917DE003B2E19 /* Info.plist */,
			);
			path = SwitchSalesUITests;
			sourceTree = "<group>";
		};
		E8BC6EF222F91969003B2E19 /* controllers */ = {
			isa = PBXGroup;
			children = (
				E8BC6EF322F91969003B2E19 /* LandingController.swift */,
				E8BC6EF422F91969003B2E19 /* GameInfoController.swift */,
				E8BC6EF522F91969003B2E19 /* MainController.swift */,
			);
			path = controllers;
			sourceTree = "<group>";
		};
		E8BC6EF622F91969003B2E19 /* cells */ = {
			isa = PBXGroup;
			children = (
				E8BC6EF722F91969003B2E19 /* GameCell.swift */,
				E8BC6EF822F91969003B2E19 /* GameCell.xib */,
			);
			path = cells;
			sourceTree = "<group>";
		};
		E8BC6EF922F91969003B2E19 /* models */ = {
			isa = PBXGroup;
			children = (
				E8BC6EFA22F91969003B2E19 /* Game.swift */,
			);
			path = models;
			sourceTree = "<group>";
		};
		E8BC6EFB22F91969003B2E19 /* viewmodels */ = {
			isa = PBXGroup;
			children = (
				E8BC6EFC22F91969003B2E19 /* GameCellViewModel.swift */,
				E8BC6EFD22F91969003B2E19 /* GameInfoViewModel.swift */,
				E8BC6EFE22F91969003B2E19 /* GameViewModel.swift */,
			);
			path = viewmodels;
			sourceTree = "<group>";
		};
		E8BC6EFF22F91969003B2E19 /* utilities */ = {
			isa = PBXGroup;
			children = (
				E8BC6F0022F91969003B2E19 /* StoryboardInstantiable.swift */,
			);
			path = utilities;
			sourceTree = "<group>";
		};
		E8BC6F0122F91969003B2E19 /* storyboards */ = {
			isa = PBXGroup;
			children = (
				E8BC6F0222F91969003B2E19 /* LaunchScreen.storyboard */,
				E8BC6F0422F91969003B2E19 /* Main.storyboard */,
				E8BC6F0622F91969003B2E19 /* Landing.storyboard */,
			);
			path = storyboards;
			sourceTree = "<group>";
		};
		E8BC6F0722F91969003B2E19 /* envelope */ = {
			isa = PBXGroup;
			children = (
				E8BC6F0822F91969003B2E19 /* DataEnvelope.swift */,
			);
			path = envelope;
			sourceTree = "<group>";
		};
		E8BC6F0922F91969003B2E19 /* extensions */ = {
			isa = PBXGroup;
			children = (
				E8BC6F0A22F91969003B2E19 /* UIView.swift */,
				E8BC6F0B22F91969003B2E19 /* String.swift */,
			);
			path = extensions;
			sourceTree = "<group>";
		};
		E8BC6F0C22F91969003B2E19 /* coordinators */ = {
			isa = PBXGroup;
			children = (
				E8BC6F0D22F91969003B2E19 /* GameInfoCoordinator.swift */,
				E8BC6F0E22F91969003B2E19 /* MainCoordinator.swift */,
			);
			path = coordinators;
			sourceTree = "<group>";
		};
		E8BC6F2122F91A55003B2E19 /* assets */ = {
			isa = PBXGroup;
			children = (
				E8BC6F2422F91A7B003B2E19 /* fonts */,
				E8BC6F2222F91A69003B2E19 /* Assets.xcassets */,
			);
			path = assets;
			sourceTree = "<group>";
		};
		E8BC6F2422F91A7B003B2E19 /* fonts */ = {
			isa = PBXGroup;
			children = (
				E8BC6F2522F91A7B003B2E19 /* GoogleSans-Italic.ttf */,
				E8BC6F2622F91A7B003B2E19 /* GoogleSans-Bold.ttf */,
				E8BC6F2722F91A7B003B2E19 /* GoogleSans-BoldItalic.ttf */,
				E8BC6F2822F91A7B003B2E19 /* GoogleSans-Regular.ttf */,
				E8BC6F2922F91A7B003B2E19 /* GoogleSans-MediumItalic.ttf */,
				E8BC6F2A22F91A7B003B2E19 /* GoogleSans-Medium.ttf */,
			);
			path = fonts;
			sourceTree = "<group>";
		};
/* End PBXGroup section */

/* Begin PBXNativeTarget section */
		E8BC6EC022F917DE003B2E19 /* SwitchSales */ = {
			isa = PBXNativeTarget;
			buildConfigurationList = E8BC6EE922F917DE003B2E19 /* Build configuration list for PBXNativeTarget "SwitchSales" */;
			buildPhases = (
				BF7D388A5A01D093297E4068 /* [CP] Check Pods Manifest.lock */,
				E8BC6EBD22F917DE003B2E19 /* Sources */,
				E8BC6EBE22F917DE003B2E19 /* Frameworks */,
				E8BC6EBF22F917DE003B2E19 /* Resources */,
				3C6463174DF2ACC8508506E3 /* [CP] Embed Pods Frameworks */,
			);
			buildRules = (
			);
			dependencies = (
			);
			name = SwitchSales;
			productName = SwitchSales;
			productReference = E8BC6EC122F917DE003B2E19 /* SwitchSales.app */;
			productType = "com.apple.product-type.application";
		};
		E8BC6ED422F917DE003B2E19 /* SwitchSalesTests */ = {
			isa = PBXNativeTarget;
			buildConfigurationList = E8BC6EEC22F917DE003B2E19 /* Build configuration list for PBXNativeTarget "SwitchSalesTests" */;
			buildPhases = (
				EB7AAEB60E91226B45E16E10 /* [CP] Check Pods Manifest.lock */,
				E8BC6ED122F917DE003B2E19 /* Sources */,
				E8BC6ED222F917DE003B2E19 /* Frameworks */,
				E8BC6ED322F917DE003B2E19 /* Resources */,
			);
			buildRules = (
			);
			dependencies = (
				E8BC6ED722F917DE003B2E19 /* PBXTargetDependency */,
			);
			name = SwitchSalesTests;
			productName = SwitchSalesTests;
			productReference = E8BC6ED522F917DE003B2E19 /* SwitchSalesTests.xctest */;
			productType = "com.apple.product-type.bundle.unit-test";
		};
		E8BC6EDF22F917DE003B2E19 /* SwitchSalesUITests */ = {
			isa = PBXNativeTarget;
			buildConfigurationList = E8BC6EEF22F917DE003B2E19 /* Build configuration list for PBXNativeTarget "SwitchSalesUITests" */;
			buildPhases = (
				284A1D9912C0CC29DC9A69C4 /* [CP] Check Pods Manifest.lock */,
				E8BC6EDC22F917DE003B2E19 /* Sources */,
				E8BC6EDD22F917DE003B2E19 /* Frameworks */,
				E8BC6EDE22F917DE003B2E19 /* Resources */,
			);
			buildRules = (
			);
			dependencies = (
				E8BC6EE222F917DE003B2E19 /* PBXTargetDependency */,
			);
			name = SwitchSalesUITests;
			productName = SwitchSalesUITests;
			productReference = E8BC6EE022F917DE003B2E19 /* SwitchSalesUITests.xctest */;
			productType = "com.apple.product-type.bundle.ui-testing";
		};
/* End PBXNativeTarget section */

/* Begin PBXProject section */
		E8BC6EB922F917DE003B2E19 /* Project object */ = {
			isa = PBXProject;
			attributes = {
				LastSwiftUpdateCheck = 1030;
				LastUpgradeCheck = 1030;
				ORGANIZATIONNAME = "Kenneth James Uy";
				TargetAttributes = {
					E8BC6EC022F917DE003B2E19 = {
						CreatedOnToolsVersion = 10.3;
					};
					E8BC6ED422F917DE003B2E19 = {
						CreatedOnToolsVersion = 10.3;
						TestTargetID = E8BC6EC022F917DE003B2E19;
					};
					E8BC6EDF22F917DE003B2E19 = {
						CreatedOnToolsVersion = 10.3;
						TestTargetID = E8BC6EC022F917DE003B2E19;
					};
				};
			};
			buildConfigurationList = E8BC6EBC22F917DE003B2E19 /* Build configuration list for PBXProject "SwitchSales" */;
			compatibilityVersion = "Xcode 9.3";
			developmentRegion = en;
			hasScannedForEncodings = 0;
			knownRegions = (
				en,
				Base,
			);
			mainGroup = E8BC6EB822F917DE003B2E19;
			productRefGroup = E8BC6EC222F917DE003B2E19 /* Products */;
			projectDirPath = "";
			projectRoot = "";
			targets = (
				E8BC6EC022F917DE003B2E19 /* SwitchSales */,
				E8BC6ED422F917DE003B2E19 /* SwitchSalesTests */,
				E8BC6EDF22F917DE003B2E19 /* SwitchSalesUITests */,
			);
		};
/* End PBXProject section */

/* Begin PBXResourcesBuildPhase section */
		E8BC6EBF22F917DE003B2E19 /* Resources */ = {
			isa = PBXResourcesBuildPhase;
			buildActionMask = 2147483647;
			files = (
				E8BC6F3022F91A7B003B2E19 /* GoogleSans-Medium.ttf in Resources */,
				E8BC6F2B22F91A7B003B2E19 /* GoogleSans-Italic.ttf in Resources */,
				E8BC6F2F22F91A7B003B2E19 /* GoogleSans-MediumItalic.ttf in Resources */,
				E8BC6F1A22F91969003B2E19 /* Main.storyboard in Resources */,
				E8BC6F1322F91969003B2E19 /* GameCell.xib in Resources */,
				E8BC6F2E22F91A7B003B2E19 /* GoogleSans-Regular.ttf in Resources */,
				E8BC6F2D22F91A7B003B2E19 /* GoogleSans-BoldItalic.ttf in Resources */,
				E8BC6F2C22F91A7B003B2E19 /* GoogleSans-Bold.ttf in Resources */,
				E8BC6F1B22F91969003B2E19 /* Landing.storyboard in Resources */,
				E8BC6F1922F91969003B2E19 /* LaunchScreen.storyboard in Resources */,
				E8BC6F2322F91A69003B2E19 /* Assets.xcassets in Resources */,
			);
			runOnlyForDeploymentPostprocessing = 0;
		};
		E8BC6ED322F917DE003B2E19 /* Resources */ = {
			isa = PBXResourcesBuildPhase;
			buildActionMask = 2147483647;
			files = (
			);
			runOnlyForDeploymentPostprocessing = 0;
		};
		E8BC6EDE22F917DE003B2E19 /* Resources */ = {
			isa = PBXResourcesBuildPhase;
			buildActionMask = 2147483647;
			files = (
			);
			runOnlyForDeploymentPostprocessing = 0;
		};
/* End PBXResourcesBuildPhase section */

/* Begin PBXShellScriptBuildPhase section */
		284A1D9912C0CC29DC9A69C4 /* [CP] Check Pods Manifest.lock */ = {
			isa = PBXShellScriptBuildPhase;
			buildActionMask = 2147483647;
			files = (
			);
			inputFileListPaths = (
			);
			inputPaths = (
				"${PODS_PODFILE_DIR_PATH}/Podfile.lock",
				"${PODS_ROOT}/Manifest.lock",
			);
			name = "[CP] Check Pods Manifest.lock";
			outputFileListPaths = (
			);
			outputPaths = (
				"$(DERIVED_FILE_DIR)/Pods-SwitchSalesUITests-checkManifestLockResult.txt",
			);
			runOnlyForDeploymentPostprocessing = 0;
			shellPath = /bin/sh;
			shellScript = "diff \"${PODS_PODFILE_DIR_PATH}/Podfile.lock\" \"${PODS_ROOT}/Manifest.lock\" > /dev/null\nif [ $? != 0 ] ; then\n    # print error to STDERR\n    echo \"error: The sandbox is not in sync with the Podfile.lock. Run 'pod install' or update your CocoaPods installation.\" >&2\n    exit 1\nfi\n# This output is used by Xcode 'outputs' to avoid re-running this script phase.\necho \"SUCCESS\" > \"${SCRIPT_OUTPUT_FILE_0}\"\n";
			showEnvVarsInLog = 0;
		};
		3C6463174DF2ACC8508506E3 /* [CP] Embed Pods Frameworks */ = {
			isa = PBXShellScriptBuildPhase;
			buildActionMask = 2147483647;
			files = (
			);
			inputFileListPaths = (
				"${PODS_ROOT}/Target Support Files/Pods-SwitchSales/Pods-SwitchSales-frameworks-${CONFIGURATION}-input-files.xcfilelist",
			);
			name = "[CP] Embed Pods Frameworks";
			outputFileListPaths = (
				"${PODS_ROOT}/Target Support Files/Pods-SwitchSales/Pods-SwitchSales-frameworks-${CONFIGURATION}-output-files.xcfilelist",
			);
			runOnlyForDeploymentPostprocessing = 0;
			shellPath = /bin/sh;
			shellScript = "\"${PODS_ROOT}/Target Support Files/Pods-SwitchSales/Pods-SwitchSales-frameworks.sh\"\n";
			showEnvVarsInLog = 0;
		};
		BF7D388A5A01D093297E4068 /* [CP] Check Pods Manifest.lock */ = {
			isa = PBXShellScriptBuildPhase;
			buildActionMask = 2147483647;
			files = (
			);
			inputFileListPaths = (
			);
			inputPaths = (
				"${PODS_PODFILE_DIR_PATH}/Podfile.lock",
				"${PODS_ROOT}/Manifest.lock",
			);
			name = "[CP] Check Pods Manifest.lock";
			outputFileListPaths = (
			);
			outputPaths = (
				"$(DERIVED_FILE_DIR)/Pods-SwitchSales-checkManifestLockResult.txt",
			);
			runOnlyForDeploymentPostprocessing = 0;
			shellPath = /bin/sh;
			shellScript = "diff \"${PODS_PODFILE_DIR_PATH}/Podfile.lock\" \"${PODS_ROOT}/Manifest.lock\" > /dev/null\nif [ $? != 0 ] ; then\n    # print error to STDERR\n    echo \"error: The sandbox is not in sync with the Podfile.lock. Run 'pod install' or update your CocoaPods installation.\" >&2\n    exit 1\nfi\n# This output is used by Xcode 'outputs' to avoid re-running this script phase.\necho \"SUCCESS\" > \"${SCRIPT_OUTPUT_FILE_0}\"\n";
			showEnvVarsInLog = 0;
		};
		EB7AAEB60E91226B45E16E10 /* [CP] Check Pods Manifest.lock */ = {
			isa = PBXShellScriptBuildPhase;
			buildActionMask = 2147483647;
			files = (
			);
			inputFileListPaths = (
			);
			inputPaths = (
				"${PODS_PODFILE_DIR_PATH}/Podfile.lock",
				"${PODS_ROOT}/Manifest.lock",
			);
			name = "[CP] Check Pods Manifest.lock";
			outputFileListPaths = (
			);
			outputPaths = (
				"$(DERIVED_FILE_DIR)/Pods-SwitchSalesTests-checkManifestLockResult.txt",
			);
			runOnlyForDeploymentPostprocessing = 0;
			shellPath = /bin/sh;
			shellScript = "diff \"${PODS_PODFILE_DIR_PATH}/Podfile.lock\" \"${PODS_ROOT}/Manifest.lock\" > /dev/null\nif [ $? != 0 ] ; then\n    # print error to STDERR\n    echo \"error: The sandbox is not in sync with the Podfile.lock. Run 'pod install' or update your CocoaPods installation.\" >&2\n    exit 1\nfi\n# This output is used by Xcode 'outputs' to avoid re-running this script phase.\necho \"SUCCESS\" > \"${SCRIPT_OUTPUT_FILE_0}\"\n";
			showEnvVarsInLog = 0;
		};
/* End PBXShellScriptBuildPhase section */

/* Begin PBXSourcesBuildPhase section */
		E8BC6EBD22F917DE003B2E19 /* Sources */ = {
			isa = PBXSourcesBuildPhase;
			buildActionMask = 2147483647;
			files = (
				E8BC6F1722F91969003B2E19 /* GameViewModel.swift in Sources */,
				E8BC6F1E22F91969003B2E19 /* String.swift in Sources */,
				E8BC6F1522F91969003B2E19 /* GameCellViewModel.swift in Sources */,
				E8BC6F1822F91969003B2E19 /* StoryboardInstantiable.swift in Sources */,
				E8BC6F1C22F91969003B2E19 /* DataEnvelope.swift in Sources */,
				E8BC6F1D22F91969003B2E19 /* UIView.swift in Sources */,
				E8BC6F1222F91969003B2E19 /* GameCell.swift in Sources */,
				E8BC6F1422F91969003B2E19 /* Game.swift in Sources */,
				E8BC6F1122F91969003B2E19 /* MainController.swift in Sources */,
				E8BC6F1622F91969003B2E19 /* GameInfoViewModel.swift in Sources */,
				E8BC6F1F22F91969003B2E19 /* GameInfoCoordinator.swift in Sources */,
				E8BC6F1022F91969003B2E19 /* GameInfoController.swift in Sources */,
				E8BC6EC522F917DE003B2E19 /* AppDelegate.swift in Sources */,
				E8BC6F2022F91969003B2E19 /* MainCoordinator.swift in Sources */,
				E8BC6F0F22F91969003B2E19 /* LandingController.swift in Sources */,
			);
			runOnlyForDeploymentPostprocessing = 0;
		};
		E8BC6ED122F917DE003B2E19 /* Sources */ = {
			isa = PBXSourcesBuildPhase;
			buildActionMask = 2147483647;
			files = (
				E8BC6EDA22F917DE003B2E19 /* SwitchSalesTests.swift in Sources */,
			);
			runOnlyForDeploymentPostprocessing = 0;
		};
		E8BC6EDC22F917DE003B2E19 /* Sources */ = {
			isa = PBXSourcesBuildPhase;
			buildActionMask = 2147483647;
			files = (
				E8BC6EE522F917DE003B2E19 /* SwitchSalesUITests.swift in Sources */,
			);
			runOnlyForDeploymentPostprocessing = 0;
		};
/* End PBXSourcesBuildPhase section */

/* Begin PBXTargetDependency section */
		E8BC6ED722F917DE003B2E19 /* PBXTargetDependency */ = {
			isa = PBXTargetDependency;
			target = E8BC6EC022F917DE003B2E19 /* SwitchSales */;
			targetProxy = E8BC6ED622F917DE003B2E19 /* PBXContainerItemProxy */;
		};
		E8BC6EE222F917DE003B2E19 /* PBXTargetDependency */ = {
			isa = PBXTargetDependency;
			target = E8BC6EC022F917DE003B2E19 /* SwitchSales */;
			targetProxy = E8BC6EE122F917DE003B2E19 /* PBXContainerItemProxy */;
		};
/* End PBXTargetDependency section */

/* Begin PBXVariantGroup section */
		E8BC6F0222F91969003B2E19 /* LaunchScreen.storyboard */ = {
			isa = PBXVariantGroup;
			children = (
				E8BC6F0322F91969003B2E19 /* Base */,
			);
			name = LaunchScreen.storyboard;
			sourceTree = "<group>";
		};
		E8BC6F0422F91969003B2E19 /* Main.storyboard */ = {
			isa = PBXVariantGroup;
			children = (
				E8BC6F0522F91969003B2E19 /* Base */,
			);
			name = Main.storyboard;
			sourceTree = "<group>";
		};
/* End PBXVariantGroup section */

/* Begin XCBuildConfiguration section */
		E8BC6EE722F917DE003B2E19 /* Debug */ = {
			isa = XCBuildConfiguration;
			buildSettings = {
				ALWAYS_SEARCH_USER_PATHS = NO;
				CLANG_ANALYZER_NONNULL = YES;
				CLANG_ANALYZER_NUMBER_OBJECT_CONVERSION = YES_AGGRESSIVE;
				CLANG_CXX_LANGUAGE_STANDARD = "gnu++14";
				CLANG_CXX_LIBRARY = "libc++";
				CLANG_ENABLE_MODULES = YES;
				CLANG_ENABLE_OBJC_ARC = YES;
				CLANG_ENABLE_OBJC_WEAK = YES;
				CLANG_WARN_BLOCK_CAPTURE_AUTORELEASING = YES;
				CLANG_WARN_BOOL_CONVERSION = YES;
				CLANG_WARN_COMMA = YES;
				CLANG_WARN_CONSTANT_CONVERSION = YES;
				CLANG_WARN_DEPRECATED_OBJC_IMPLEMENTATIONS = YES;
				CLANG_WARN_DIRECT_OBJC_ISA_USAGE = YES_ERROR;
				CLANG_WARN_DOCUMENTATION_COMMENTS = YES;
				CLANG_WARN_EMPTY_BODY = YES;
				CLANG_WARN_ENUM_CONVERSION = YES;
				CLANG_WARN_INFINITE_RECURSION = YES;
				CLANG_WARN_INT_CONVERSION = YES;
				CLANG_WARN_NON_LITERAL_NULL_CONVERSION = YES;
				CLANG_WARN_OBJC_IMPLICIT_RETAIN_SELF = YES;
				CLANG_WARN_OBJC_LITERAL_CONVERSION = YES;
				CLANG_WARN_OBJC_ROOT_CLASS = YES_ERROR;
				CLANG_WARN_RANGE_LOOP_ANALYSIS = YES;
				CLANG_WARN_STRICT_PROTOTYPES = YES;
				CLANG_WARN_SUSPICIOUS_MOVE = YES;
				CLANG_WARN_UNGUARDED_AVAILABILITY = YES_AGGRESSIVE;
				CLANG_WARN_UNREACHABLE_CODE = YES;
				CLANG_WARN__DUPLICATE_METHOD_MATCH = YES;
				CODE_SIGN_IDENTITY = "iPhone Developer";
				COPY_PHASE_STRIP = NO;
				DEBUG_INFORMATION_FORMAT = dwarf;
				ENABLE_STRICT_OBJC_MSGSEND = YES;
				ENABLE_TESTABILITY = YES;
				GCC_C_LANGUAGE_STANDARD = gnu11;
				GCC_DYNAMIC_NO_PIC = NO;
				GCC_NO_COMMON_BLOCKS = YES;
				GCC_OPTIMIZATION_LEVEL = 0;
				GCC_PREPROCESSOR_DEFINITIONS = (
					"DEBUG=1",
					"$(inherited)",
				);
				GCC_WARN_64_TO_32_BIT_CONVERSION = YES;
				GCC_WARN_ABOUT_RETURN_TYPE = YES_ERROR;
				GCC_WARN_UNDECLARED_SELECTOR = YES;
				GCC_WARN_UNINITIALIZED_AUTOS = YES_AGGRESSIVE;
				GCC_WARN_UNUSED_FUNCTION = YES;
				GCC_WARN_UNUSED_VARIABLE = YES;
				IPHONEOS_DEPLOYMENT_TARGET = 12.4;
				MTL_ENABLE_DEBUG_INFO = INCLUDE_SOURCE;
				MTL_FAST_MATH = YES;
				ONLY_ACTIVE_ARCH = YES;
				SDKROOT = iphoneos;
				SWIFT_ACTIVE_COMPILATION_CONDITIONS = DEBUG;
				SWIFT_OPTIMIZATION_LEVEL = "-Onone";
			};
			name = Debug;
		};
		E8BC6EE822F917DE003B2E19 /* Release */ = {
			isa = XCBuildConfiguration;
			buildSettings = {
				ALWAYS_SEARCH_USER_PATHS = NO;
				CLANG_ANALYZER_NONNULL = YES;
				CLANG_ANALYZER_NUMBER_OBJECT_CONVERSION = YES_AGGRESSIVE;
				CLANG_CXX_LANGUAGE_STANDARD = "gnu++14";
				CLANG_CXX_LIBRARY = "libc++";
				CLANG_ENABLE_MODULES = YES;
				CLANG_ENABLE_OBJC_ARC = YES;
				CLANG_ENABLE_OBJC_WEAK = YES;
				CLANG_WARN_BLOCK_CAPTURE_AUTORELEASING = YES;
				CLANG_WARN_BOOL_CONVERSION = YES;
				CLANG_WARN_COMMA = YES;
				CLANG_WARN_CONSTANT_CONVERSION = YES;
				CLANG_WARN_DEPRECATED_OBJC_IMPLEMENTATIONS = YES;
				CLANG_WARN_DIRECT_OBJC_ISA_USAGE = YES_ERROR;
				CLANG_WARN_DOCUMENTATION_COMMENTS = YES;
				CLANG_WARN_EMPTY_BODY = YES;
				CLANG_WARN_ENUM_CONVERSION = YES;
				CLANG_WARN_INFINITE_RECURSION = YES;
				CLANG_WARN_INT_CONVERSION = YES;
				CLANG_WARN_NON_LITERAL_NULL_CONVERSION = YES;
				CLANG_WARN_OBJC_IMPLICIT_RETAIN_SELF = YES;
				CLANG_WARN_OBJC_LITERAL_CONVERSION = YES;
				CLANG_WARN_OBJC_ROOT_CLASS = YES_ERROR;
				CLANG_WARN_RANGE_LOOP_ANALYSIS = YES;
				CLANG_WARN_STRICT_PROTOTYPES = YES;
				CLANG_WARN_SUSPICIOUS_MOVE = YES;
				CLANG_WARN_UNGUARDED_AVAILABILITY = YES_AGGRESSIVE;
				CLANG_WARN_UNREACHABLE_CODE = YES;
				CLANG_WARN__DUPLICATE_METHOD_MATCH = YES;
				CODE_SIGN_IDENTITY = "iPhone Developer";
				COPY_PHASE_STRIP = NO;
				DEBUG_INFORMATION_FORMAT = "dwarf-with-dsym";
				ENABLE_NS_ASSERTIONS = NO;
				ENABLE_STRICT_OBJC_MSGSEND = YES;
				GCC_C_LANGUAGE_STANDARD = gnu11;
				GCC_NO_COMMON_BLOCKS = YES;
				GCC_WARN_64_TO_32_BIT_CONVERSION = YES;
				GCC_WARN_ABOUT_RETURN_TYPE = YES_ERROR;
				GCC_WARN_UNDECLARED_SELECTOR = YES;
				GCC_WARN_UNINITIALIZED_AUTOS = YES_AGGRESSIVE;
				GCC_WARN_UNUSED_FUNCTION = YES;
				GCC_WARN_UNUSED_VARIABLE = YES;
				IPHONEOS_DEPLOYMENT_TARGET = 12.4;
				MTL_ENABLE_DEBUG_INFO = NO;
				MTL_FAST_MATH = YES;
				SDKROOT = iphoneos;
				SWIFT_COMPILATION_MODE = wholemodule;
				SWIFT_OPTIMIZATION_LEVEL = "-O";
				VALIDATE_PRODUCT = YES;
			};
			name = Release;
		};
		E8BC6EEA22F917DE003B2E19 /* Debug */ = {
			isa = XCBuildConfiguration;
			baseConfigurationReference = 808C7A59477C5295CCE6C92B /* Pods-SwitchSales.debug.xcconfig */;
			buildSettings = {
				CODE_SIGN_STYLE = Automatic;
				DEVELOPMENT_TEAM = 29K9GKLA53;
				INFOPLIST_FILE = SwitchSales/Info.plist;
				LD_RUNPATH_SEARCH_PATHS = (
					"$(inherited)",
					"@executable_path/Frameworks",
				);
				PRODUCT_BUNDLE_IDENTIFIER = "Note-e-fied.SwitchSales";
				PRODUCT_NAME = "$(TARGET_NAME)";
				SWIFT_VERSION = 5.0;
				TARGETED_DEVICE_FAMILY = "1,2";
			};
			name = Debug;
		};
		E8BC6EEB22F917DE003B2E19 /* Release */ = {
			isa = XCBuildConfiguration;
			baseConfigurationReference = 7AD272B10BE62BE93FF0405B /* Pods-SwitchSales.release.xcconfig */;
			buildSettings = {
				CODE_SIGN_STYLE = Automatic;
				DEVELOPMENT_TEAM = 29K9GKLA53;
				INFOPLIST_FILE = SwitchSales/Info.plist;
				LD_RUNPATH_SEARCH_PATHS = (
					"$(inherited)",
					"@executable_path/Frameworks",
				);
				PRODUCT_BUNDLE_IDENTIFIER = "Note-e-fied.SwitchSales";
				PRODUCT_NAME = "$(TARGET_NAME)";
				SWIFT_VERSION = 5.0;
				TARGETED_DEVICE_FAMILY = "1,2";
			};
			name = Release;
		};
		E8BC6EED22F917DE003B2E19 /* Debug */ = {
			isa = XCBuildConfiguration;
			baseConfigurationReference = 2657FE39E0D58A100C6A6517 /* Pods-SwitchSalesTests.debug.xcconfig */;
			buildSettings = {
				ALWAYS_EMBED_SWIFT_STANDARD_LIBRARIES = YES;
				BUNDLE_LOADER = "$(TEST_HOST)";
				CODE_SIGN_STYLE = Automatic;
				DEVELOPMENT_TEAM = 29K9GKLA53;
				INFOPLIST_FILE = SwitchSalesTests/Info.plist;
				LD_RUNPATH_SEARCH_PATHS = (
					"$(inherited)",
					"@executable_path/Frameworks",
					"@loader_path/Frameworks",
				);
				PRODUCT_BUNDLE_IDENTIFIER = "Note-e-fied.SwitchSalesTests";
				PRODUCT_NAME = "$(TARGET_NAME)";
				SWIFT_VERSION = 5.0;
				TARGETED_DEVICE_FAMILY = "1,2";
				TEST_HOST = "$(BUILT_PRODUCTS_DIR)/SwitchSales.app/SwitchSales";
			};
			name = Debug;
		};
		E8BC6EEE22F917DE003B2E19 /* Release */ = {
			isa = XCBuildConfiguration;
			baseConfigurationReference = DECBD655C0E8C5EB022F44D7 /* Pods-SwitchSalesTests.release.xcconfig */;
			buildSettings = {
				ALWAYS_EMBED_SWIFT_STANDARD_LIBRARIES = YES;
				BUNDLE_LOADER = "$(TEST_HOST)";
				CODE_SIGN_STYLE = Automatic;
				DEVELOPMENT_TEAM = 29K9GKLA53;
				INFOPLIST_FILE = SwitchSalesTests/Info.plist;
				LD_RUNPATH_SEARCH_PATHS = (
					"$(inherited)",
					"@executable_path/Frameworks",
					"@loader_path/Frameworks",
				);
				PRODUCT_BUNDLE_IDENTIFIER = "Note-e-fied.SwitchSalesTests";
				PRODUCT_NAME = "$(TARGET_NAME)";
				SWIFT_VERSION = 5.0;
				TARGETED_DEVICE_FAMILY = "1,2";
				TEST_HOST = "$(BUILT_PRODUCTS_DIR)/SwitchSales.app/SwitchSales";
			};
			name = Release;
		};
		E8BC6EF022F917DE003B2E19 /* Debug */ = {
			isa = XCBuildConfiguration;
			baseConfigurationReference = 7BEAE0A224096D2068AE368E /* Pods-SwitchSalesUITests.debug.xcconfig */;
			buildSettings = {
				ALWAYS_EMBED_SWIFT_STANDARD_LIBRARIES = YES;
				CODE_SIGN_STYLE = Automatic;
				DEVELOPMENT_TEAM = 29K9GKLA53;
				INFOPLIST_FILE = SwitchSalesUITests/Info.plist;
				LD_RUNPATH_SEARCH_PATHS = (
					"$(inherited)",
					"@executable_path/Frameworks",
					"@loader_path/Frameworks",
				);
				PRODUCT_BUNDLE_IDENTIFIER = "Note-e-fied.SwitchSalesUITests";
				PRODUCT_NAME = "$(TARGET_NAME)";
				SWIFT_VERSION = 5.0;
				TARGETED_DEVICE_FAMILY = "1,2";
				TEST_TARGET_NAME = SwitchSales;
			};
			name = Debug;
		};
		E8BC6EF122F917DE003B2E19 /* Release */ = {
			isa = XCBuildConfiguration;
			baseConfigurationReference = EBC74D709501F36547DF03C8 /* Pods-SwitchSalesUITests.release.xcconfig */;
			buildSettings = {
				ALWAYS_EMBED_SWIFT_STANDARD_LIBRARIES = YES;
				CODE_SIGN_STYLE = Automatic;
				DEVELOPMENT_TEAM = 29K9GKLA53;
				INFOPLIST_FILE = SwitchSalesUITests/Info.plist;
				LD_RUNPATH_SEARCH_PATHS = (
					"$(inherited)",
					"@executable_path/Frameworks",
					"@loader_path/Frameworks",
				);
				PRODUCT_BUNDLE_IDENTIFIER = "Note-e-fied.SwitchSalesUITests";
				PRODUCT_NAME = "$(TARGET_NAME)";
				SWIFT_VERSION = 5.0;
				TARGETED_DEVICE_FAMILY = "1,2";
				TEST_TARGET_NAME = SwitchSales;
			};
			name = Release;
		};
/* End XCBuildConfiguration section */

/* Begin XCConfigurationList section */
		E8BC6EBC22F917DE003B2E19 /* Build configuration list for PBXProject "SwitchSales" */ = {
			isa = XCConfigurationList;
			buildConfigurations = (
				E8BC6EE722F917DE003B2E19 /* Debug */,
				E8BC6EE822F917DE003B2E19 /* Release */,
			);
			defaultConfigurationIsVisible = 0;
			defaultConfigurationName = Release;
		};
		E8BC6EE922F917DE003B2E19 /* Build configuration list for PBXNativeTarget "SwitchSales" */ = {
			isa = XCConfigurationList;
			buildConfigurations = (
				E8BC6EEA22F917DE003B2E19 /* Debug */,
				E8BC6EEB22F917DE003B2E19 /* Release */,
			);
			defaultConfigurationIsVisible = 0;
			defaultConfigurationName = Release;
		};
		E8BC6EEC22F917DE003B2E19 /* Build configuration list for PBXNativeTarget "SwitchSalesTests" */ = {
			isa = XCConfigurationList;
			buildConfigurations = (
				E8BC6EED22F917DE003B2E19 /* Debug */,
				E8BC6EEE22F917DE003B2E19 /* Release */,
			);
			defaultConfigurationIsVisible = 0;
			defaultConfigurationName = Release;
		};
		E8BC6EEF22F917DE003B2E19 /* Build configuration list for PBXNativeTarget "SwitchSalesUITests" */ = {
			isa = XCConfigurationList;
			buildConfigurations = (
				E8BC6EF022F917DE003B2E19 /* Debug */,
				E8BC6EF122F917DE003B2E19 /* Release */,
			);
			defaultConfigurationIsVisible = 0;
			defaultConfigurationName = Release;
		};
/* End XCConfigurationList section */
	};
	rootObject = E8BC6EB922F917DE003B2E19 /* Project object */;
}
